
Microsoft Visual Studio Solution File, Format Version 12.00
# Visual Studio 15
VisualStudioVersion = 15.0.26730.8
MinimumVisualStudioVersion = 10.0.40219.1
Project("{FAE04EC0-301F-11D3-BF4B-00C04F79EFBC}") = "AutomatedScreenshots", "src\AutomatedScreenshots.csproj", "{4627D050-5352-4091-B376-5ABBDDB73B8D}"
EndProject
Project("{2150E333-8FDC-42A3-9474-1A3956D46DE8}") = "SolutionFolder", "SolutionFolder", "{84FB42C0-B27A-4F9B-8901-A7B77ADAF795}"
	ProjectSection(SolutionItems) = preProject
		automatedscreenshots.version = automatedscreenshots.version
		buildRelease.bat = buildRelease.bat
		ChangeLog.txt = ChangeLog.txt
		deploy.bat = deploy.bat
		License.txt = License.txt
		README.md = README.md
	EndProjectSection
EndProject
Global
	GlobalSection(SolutionConfigurationPlatforms) = preSolution
		Debug|Any CPU = Debug|Any CPU
		Release|Any CPU = Release|Any CPU
	EndGlobalSection
	GlobalSection(ProjectConfigurationPlatforms) = postSolution
		{4627D050-5352-4091-B376-5ABBDDB73B8D}.Debug|Any CPU.ActiveCfg = Debug|Any CPU
		{4627D050-5352-4091-B376-5ABBDDB73B8D}.Debug|Any CPU.Build.0 = Debug|Any CPU
		{4627D050-5352-4091-B376-5ABBDDB73B8D}.Release|Any CPU.ActiveCfg = Release|Any CPU
		{4627D050-5352-4091-B376-5ABBDDB73B8D}.Release|Any CPU.Build.0 = Release|Any CPU
	EndGlobalSection
	GlobalSection(SolutionProperties) = preSolution
		HideSolutionNode = FALSE
	EndGlobalSection
	GlobalSection(ExtensibilityGlobals) = postSolution
		SolutionGuid = {70DA223E-5C3E-4233-B189-FA490D508F6E}
	EndGlobalSection
EndGlobal
